
Microsoft Visual Studio Solution File, Format Version 12.00
# Visual Studio Version 17
VisualStudioVersion = 17.14.36414.22
MinimumVisualStudioVersion = 10.0.40219.1
Project("{FAE04EC0-301F-11D3-BF4B-00C04F79EFBC}") = "FMMI-Web", "FMMI-Web\FMMI-Web.csproj", "{83653575-DFC3-403B-81FC-3B30772340BA}"
EndProject
Project("{FAE04EC0-301F-11D3-BF4B-00C04F79EFBC}") = "FMMI-Domain", "FMMI-Domain\FMMI-Domain.csproj", "{7AE8927E-0AC3-47E0-AB60-C09395AA317D}"
EndProject
Project("{FAE04EC0-301F-11D3-BF4B-00C04F79EFBC}") = "FMMI-Service", "FMMI-Service\FMMI-Service.csproj", "{36EDD35C-64AA-4150-9A16-60AC47CF3D98}"
EndProject
Project("{FAE04EC0-301F-11D3-BF4B-00C04F79EFBC}") = "FMMI-API", "FMMI-API\FMMI-API.csproj", "{A7CF5EFA-F27A-437A-9132-D744D7502534}"
EndProject
Project("{FAE04EC0-301F-11D3-BF4B-00C04F79EFBC}") = "FMMI-Worker", "FMMI-Worker\FMMI-Worker.csproj", "{983921E2-8D93-4381-BA77-3626EB798285}"
EndProject
Global
	GlobalSection(SolutionConfigurationPlatforms) = preSolution
		Debug|Any CPU = Debug|Any CPU
		Release|Any CPU = Release|Any CPU
	EndGlobalSection
	GlobalSection(ProjectConfigurationPlatforms) = postSolution
		{83653575-DFC3-403B-81FC-3B30772340BA}.Debug|Any CPU.ActiveCfg = Debug|Any CPU
		{83653575-DFC3-403B-81FC-3B30772340BA}.Debug|Any CPU.Build.0 = Debug|Any CPU
		{83653575-DFC3-403B-81FC-3B30772340BA}.Release|Any CPU.ActiveCfg = Release|Any CPU
		{83653575-DFC3-403B-81FC-3B30772340BA}.Release|Any CPU.Build.0 = Release|Any CPU
		{7AE8927E-0AC3-47E0-AB60-C09395AA317D}.Debug|Any CPU.ActiveCfg = Debug|Any CPU
		{7AE8927E-0AC3-47E0-AB60-C09395AA317D}.Debug|Any CPU.Build.0 = Debug|Any CPU
		{7AE8927E-0AC3-47E0-AB60-C09395AA317D}.Release|Any CPU.ActiveCfg = Release|Any CPU
		{7AE8927E-0AC3-47E0-AB60-C09395AA317D}.Release|Any CPU.Build.0 = Release|Any CPU
		{36EDD35C-64AA-4150-9A16-60AC47CF3D98}.Debug|Any CPU.ActiveCfg = Debug|Any CPU
		{36EDD35C-64AA-4150-9A16-60AC47CF3D98}.Debug|Any CPU.Build.0 = Debug|Any CPU
		{36EDD35C-64AA-4150-9A16-60AC47CF3D98}.Release|Any CPU.ActiveCfg = Release|Any CPU
		{36EDD35C-64AA-4150-9A16-60AC47CF3D98}.Release|Any CPU.Build.0 = Release|Any CPU
		{A7CF5EFA-F27A-437A-9132-D744D7502534}.Debug|Any CPU.ActiveCfg = Debug|Any CPU
		{A7CF5EFA-F27A-437A-9132-D744D7502534}.Debug|Any CPU.Build.0 = Debug|Any CPU
		{A7CF5EFA-F27A-437A-9132-D744D7502534}.Release|Any CPU.ActiveCfg = Release|Any CPU
		{A7CF5EFA-F27A-437A-9132-D744D7502534}.Release|Any CPU.Build.0 = Release|Any CPU
		{983921E2-8D93-4381-BA77-3626EB798285}.Debug|Any CPU.ActiveCfg = Debug|Any CPU
		{983921E2-8D93-4381-BA77-3626EB798285}.Debug|Any CPU.Build.0 = Debug|Any CPU
		{983921E2-8D93-4381-BA77-3626EB798285}.Release|Any CPU.ActiveCfg = Release|Any CPU
		{983921E2-8D93-4381-BA77-3626EB798285}.Release|Any CPU.Build.0 = Release|Any CPU
	EndGlobalSection
	GlobalSection(SolutionProperties) = preSolution
		HideSolutionNode = FALSE
	EndGlobalSection
	GlobalSection(ExtensibilityGlobals) = postSolution
		SolutionGuid = {1F4B2BAC-5E5D-40AE-BEAF-7AB14D66380A}
	EndGlobalSection
EndGlobal
